// !$*UTF8*$!
{
	archiveVersion = 1;
	classes = {
	};
	objectVersion = 55;
	objects = {

/* Begin PBXBuildFile section */
		120847922869DB9A00A1427D /* SettingsView.swift in Sources */ = {isa = PBXBuildFile; fileRef = 120847912869DB9A00A1427D /* SettingsView.swift */; };
		120847952869DD5400A1427D /* LaunchAtLogin in Frameworks */ = {isa = PBXBuildFile; productRef = 120847942869DD5400A1427D /* LaunchAtLogin */; };
		121C470F2868BD6900646ABA /* ScrollDirectorApp.swift in Sources */ = {isa = PBXBuildFile; fileRef = 121C470E2868BD6900646ABA /* ScrollDirectorApp.swift */; };
		121C47132868BD6A00646ABA /* Assets.xcassets in Resources */ = {isa = PBXBuildFile; fileRef = 121C47122868BD6A00646ABA /* Assets.xcassets */; };
		121C471F2868BD7F00646ABA /* IOKitManager.swift in Sources */ = {isa = PBXBuildFile; fileRef = 121C471E2868BD7F00646ABA /* IOKitManager.swift */; };
		121C47232868C45F00646ABA /* MainView.swift in Sources */ = {isa = PBXBuildFile; fileRef = 121C47222868C45F00646ABA /* MainView.swift */; };
		121C47272868C55300646ABA /* DeviceInformation.swift in Sources */ = {isa = PBXBuildFile; fileRef = 121C47262868C55300646ABA /* DeviceInformation.swift */; };
		121C472D2868C6F900646ABA /* PreferencePanesSupport.framework in Frameworks */ = {isa = PBXBuildFile; fileRef = 121C472C2868C6F900646ABA /* PreferencePanesSupport.framework */; };
		12E6AABE2868D733003E982F /* ScrollDirection.swift in Sources */ = {isa = PBXBuildFile; fileRef = 12E6AABD2868D733003E982F /* ScrollDirection.swift */; };
/* End PBXBuildFile section */

/* Begin PBXFileReference section */
		120847912869DB9A00A1427D /* SettingsView.swift */ = {isa = PBXFileReference; lastKnownFileType = sourcecode.swift; path = SettingsView.swift; sourceTree = "<group>"; };
		121C470B2868BD6900646ABA /* ScrollDirector.app */ = {isa = PBXFileReference; explicitFileType = wrapper.application; includeInIndex = 0; path = ScrollDirector.app; sourceTree = BUILT_PRODUCTS_DIR; };
		121C470E2868BD6900646ABA /* ScrollDirectorApp.swift */ = {isa = PBXFileReference; lastKnownFileType = sourcecode.swift; path = ScrollDirectorApp.swift; sourceTree = "<group>"; };
		121C47122868BD6A00646ABA /* Assets.xcassets */ = {isa = PBXFileReference; lastKnownFileType = folder.assetcatalog; path = Assets.xcassets; sourceTree = "<group>"; };
		121C47172868BD6A00646ABA /* ScrollDirector.entitlements */ = {isa = PBXFileReference; lastKnownFileType = text.plist.entitlements; path = ScrollDirector.entitlements; sourceTree = "<group>"; };
		121C471E2868BD7F00646ABA /* IOKitManager.swift */ = {isa = PBXFileReference; lastKnownFileType = sourcecode.swift; path = IOKitManager.swift; sourceTree = "<group>"; };
		121C47222868C45F00646ABA /* MainView.swift */ = {isa = PBXFileReference; lastKnownFileType = sourcecode.swift; path = MainView.swift; sourceTree = "<group>"; };
		121C47262868C55300646ABA /* DeviceInformation.swift */ = {isa = PBXFileReference; lastKnownFileType = sourcecode.swift; path = DeviceInformation.swift; sourceTree = "<group>"; };
		121C472A2868C6C400646ABA /* ScrollDirector-Bridging-Header.h */ = {isa = PBXFileReference; lastKnownFileType = sourcecode.c.h; path = "ScrollDirector-Bridging-Header.h"; sourceTree = "<group>"; };
		121C472C2868C6F900646ABA /* PreferencePanesSupport.framework */ = {isa = PBXFileReference; lastKnownFileType = wrapper.framework; name = PreferencePanesSupport.framework; path = ../../../../../System/Library/PrivateFrameworks/PreferencePanesSupport.framework; sourceTree = "<group>"; };
		121C47302868D15300646ABA /* Info.plist */ = {isa = PBXFileReference; lastKnownFileType = text.plist; path = Info.plist; sourceTree = "<group>"; };
		12E6AABD2868D733003E982F /* ScrollDirection.swift */ = {isa = PBXFileReference; lastKnownFileType = sourcecode.swift; path = ScrollDirection.swift; sourceTree = "<group>"; };
/* End PBXFileReference section */

/* Begin PBXFrameworksBuildPhase section */
		121C47082868BD6900646ABA /* Frameworks */ = {
			isa = PBXFrameworksBuildPhase;
			buildActionMask = 2147483647;
			files = (
				120847952869DD5400A1427D /* LaunchAtLogin in Frameworks */,
				121C472D2868C6F900646ABA /* PreferencePanesSupport.framework in Frameworks */,
			);
			runOnlyForDeploymentPostprocessing = 0;
		};
/* End PBXFrameworksBuildPhase section */

/* Begin PBXGroup section */
		120847902869DB9000A1427D /* Settings */ = {
			isa = PBXGroup;
			children = (
				120847912869DB9A00A1427D /* SettingsView.swift */,
			);
			path = Settings;
			sourceTree = "<group>";
		};
		121C47022868BD6900646ABA = {
			isa = PBXGroup;
			children = (
				121C470D2868BD6900646ABA /* ScrollDirector */,
				121C470C2868BD6900646ABA /* Products */,
				121C472B2868C6F900646ABA /* Frameworks */,
			);
			sourceTree = "<group>";
		};
		121C470C2868BD6900646ABA /* Products */ = {
			isa = PBXGroup;
			children = (
				121C470B2868BD6900646ABA /* ScrollDirector.app */,
			);
			name = Products;
			sourceTree = "<group>";
		};
		121C470D2868BD6900646ABA /* ScrollDirector */ = {
			isa = PBXGroup;
			children = (
				121C47302868D15300646ABA /* Info.plist */,
				121C47292868C6AD00646ABA /* Bridging */,
				121C47202868C45300646ABA /* Views */,
				121C471D2868BD7200646ABA /* Core */,
				121C470E2868BD6900646ABA /* ScrollDirectorApp.swift */,
				121C47122868BD6A00646ABA /* Assets.xcassets */,
				121C47172868BD6A00646ABA /* ScrollDirector.entitlements */,
			);
			path = ScrollDirector;
			sourceTree = "<group>";
		};
		121C471D2868BD7200646ABA /* Core */ = {
			isa = PBXGroup;
			children = (
				121C47282868C55800646ABA /* Model */,
				121C471E2868BD7F00646ABA /* IOKitManager.swift */,
			);
			path = Core;
			sourceTree = "<group>";
		};
		121C47202868C45300646ABA /* Views */ = {
			isa = PBXGroup;
			children = (
				120847902869DB9000A1427D /* Settings */,
				121C47212868C45700646ABA /* Main */,
			);
			path = Views;
			sourceTree = "<group>";
		};
		121C47212868C45700646ABA /* Main */ = {
			isa = PBXGroup;
			children = (
				121C47222868C45F00646ABA /* MainView.swift */,
			);
			path = Main;
			sourceTree = "<group>";
		};
		121C47282868C55800646ABA /* Model */ = {
			isa = PBXGroup;
			children = (
				121C47262868C55300646ABA /* DeviceInformation.swift */,
				12E6AABD2868D733003E982F /* ScrollDirection.swift */,
			);
			path = Model;
			sourceTree = "<group>";
		};
		121C47292868C6AD00646ABA /* Bridging */ = {
			isa = PBXGroup;
			children = (
				121C472A2868C6C400646ABA /* ScrollDirector-Bridging-Header.h */,
			);
			path = Bridging;
			sourceTree = "<group>";
		};
		121C472B2868C6F900646ABA /* Frameworks */ = {
			isa = PBXGroup;
			children = (
				121C472C2868C6F900646ABA /* PreferencePanesSupport.framework */,
			);
			name = Frameworks;
			sourceTree = "<group>";
		};
/* End PBXGroup section */

/* Begin PBXNativeTarget section */
		121C470A2868BD6900646ABA /* ScrollDirector */ = {
			isa = PBXNativeTarget;
			buildConfigurationList = 121C471A2868BD6A00646ABA /* Build configuration list for PBXNativeTarget "ScrollDirector" */;
			buildPhases = (
				121C47072868BD6900646ABA /* Sources */,
				121C47082868BD6900646ABA /* Frameworks */,
				121C47092868BD6900646ABA /* Resources */,
				120847962869DD9D00A1427D /* Launch at Login Helper */,
			);
			buildRules = (
			);
			dependencies = (
			);
			name = ScrollDirector;
			packageProductDependencies = (
				120847942869DD5400A1427D /* LaunchAtLogin */,
			);
			productName = ScrollDirector;
			productReference = 121C470B2868BD6900646ABA /* ScrollDirector.app */;
			productType = "com.apple.product-type.application";
		};
/* End PBXNativeTarget section */

/* Begin PBXProject section */
		121C47032868BD6900646ABA /* Project object */ = {
			isa = PBXProject;
			attributes = {
				BuildIndependentTargetsInParallel = 1;
				LastSwiftUpdateCheck = 1340;
				LastUpgradeCheck = 1340;
				TargetAttributes = {
					121C470A2868BD6900646ABA = {
						CreatedOnToolsVersion = 13.4.1;
					};
				};
			};
			buildConfigurationList = 121C47062868BD6900646ABA /* Build configuration list for PBXProject "ScrollDirector" */;
			compatibilityVersion = "Xcode 13.0";
			developmentRegion = en;
			hasScannedForEncodings = 0;
			knownRegions = (
				en,
				Base,
			);
			mainGroup = 121C47022868BD6900646ABA;
			packageReferences = (
				120847932869DD5400A1427D /* XCRemoteSwiftPackageReference "LaunchAtLogin" */,
			);
			productRefGroup = 121C470C2868BD6900646ABA /* Products */;
			projectDirPath = "";
			projectRoot = "";
			targets = (
				121C470A2868BD6900646ABA /* ScrollDirector */,
			);
		};
/* End PBXProject section */

/* Begin PBXResourcesBuildPhase section */
		121C47092868BD6900646ABA /* Resources */ = {
			isa = PBXResourcesBuildPhase;
			buildActionMask = 2147483647;
			files = (
				121C47132868BD6A00646ABA /* Assets.xcassets in Resources */,
			);
			runOnlyForDeploymentPostprocessing = 0;
		};
/* End PBXResourcesBuildPhase section */

/* Begin PBXShellScriptBuildPhase section */
		120847962869DD9D00A1427D /* Launch at Login Helper */ = {
			isa = PBXShellScriptBuildPhase;
			buildActionMask = 2147483647;
			files = (
			);
			inputFileListPaths = (
			);
			inputPaths = (
			);
			name = "Launch at Login Helper";
			outputFileListPaths = (
			);
			outputPaths = (
			);
			runOnlyForDeploymentPostprocessing = 0;
			shellPath = /bin/sh;
			shellScript = "# Type a script or drag a script file from your workspace to insert its path.\n\"${BUILT_PRODUCTS_DIR}/LaunchAtLogin_LaunchAtLogin.bundle/Contents/Resources/copy-helper-swiftpm.sh\"\n";
		};
/* End PBXShellScriptBuildPhase section */

/* Begin PBXSourcesBuildPhase section */
		121C47072868BD6900646ABA /* Sources */ = {
			isa = PBXSourcesBuildPhase;
			buildActionMask = 2147483647;
			files = (
				120847922869DB9A00A1427D /* SettingsView.swift in Sources */,
				121C471F2868BD7F00646ABA /* IOKitManager.swift in Sources */,
				121C47272868C55300646ABA /* DeviceInformation.swift in Sources */,
				12E6AABE2868D733003E982F /* ScrollDirection.swift in Sources */,
				121C47232868C45F00646ABA /* MainView.swift in Sources */,
				121C470F2868BD6900646ABA /* ScrollDirectorApp.swift in Sources */,
			);
			runOnlyForDeploymentPostprocessing = 0;
		};
/* End PBXSourcesBuildPhase section */

/* Begin XCBuildConfiguration section */
		121C47182868BD6A00646ABA /* Debug */ = {
			isa = XCBuildConfiguration;
			buildSettings = {
				ALWAYS_SEARCH_USER_PATHS = NO;
				CLANG_ANALYZER_NONNULL = YES;
				CLANG_ANALYZER_NUMBER_OBJECT_CONVERSION = YES_AGGRESSIVE;
				CLANG_CXX_LANGUAGE_STANDARD = "gnu++17";
				CLANG_ENABLE_MODULES = YES;
				CLANG_ENABLE_OBJC_ARC = YES;
				CLANG_ENABLE_OBJC_WEAK = YES;
				CLANG_WARN_BLOCK_CAPTURE_AUTORELEASING = YES;
				CLANG_WARN_BOOL_CONVERSION = YES;
				CLANG_WARN_COMMA = YES;
				CLANG_WARN_CONSTANT_CONVERSION = YES;
				CLANG_WARN_DEPRECATED_OBJC_IMPLEMENTATIONS = YES;
				CLANG_WARN_DIRECT_OBJC_ISA_USAGE = YES_ERROR;
				CLANG_WARN_DOCUMENTATION_COMMENTS = YES;
				CLANG_WARN_EMPTY_BODY = YES;
				CLANG_WARN_ENUM_CONVERSION = YES;
				CLANG_WARN_INFINITE_RECURSION = YES;
				CLANG_WARN_INT_CONVERSION = YES;
				CLANG_WARN_NON_LITERAL_NULL_CONVERSION = YES;
				CLANG_WARN_OBJC_IMPLICIT_RETAIN_SELF = YES;
				CLANG_WARN_OBJC_LITERAL_CONVERSION = YES;
				CLANG_WARN_OBJC_ROOT_CLASS = YES_ERROR;
				CLANG_WARN_QUOTED_INCLUDE_IN_FRAMEWORK_HEADER = YES;
				CLANG_WARN_RANGE_LOOP_ANALYSIS = YES;
				CLANG_WARN_STRICT_PROTOTYPES = YES;
				CLANG_WARN_SUSPICIOUS_MOVE = YES;
				CLANG_WARN_UNGUARDED_AVAILABILITY = YES_AGGRESSIVE;
				CLANG_WARN_UNREACHABLE_CODE = YES;
				CLANG_WARN__DUPLICATE_METHOD_MATCH = YES;
				COPY_PHASE_STRIP = NO;
				DEBUG_INFORMATION_FORMAT = dwarf;
				ENABLE_STRICT_OBJC_MSGSEND = YES;
				ENABLE_TESTABILITY = YES;
				GCC_C_LANGUAGE_STANDARD = gnu11;
				GCC_DYNAMIC_NO_PIC = NO;
				GCC_NO_COMMON_BLOCKS = YES;
				GCC_OPTIMIZATION_LEVEL = 0;
				GCC_PREPROCESSOR_DEFINITIONS = (
					"DEBUG=1",
					"$(inherited)",
				);
				GCC_WARN_64_TO_32_BIT_CONVERSION = YES;
				GCC_WARN_ABOUT_RETURN_TYPE = YES_ERROR;
				GCC_WARN_UNDECLARED_SELECTOR = YES;
				GCC_WARN_UNINITIALIZED_AUTOS = YES_AGGRESSIVE;
				GCC_WARN_UNUSED_FUNCTION = YES;
				GCC_WARN_UNUSED_VARIABLE = YES;
				MACOSX_DEPLOYMENT_TARGET = 12.3;
				MTL_ENABLE_DEBUG_INFO = INCLUDE_SOURCE;
				MTL_FAST_MATH = YES;
				ONLY_ACTIVE_ARCH = YES;
				SDKROOT = macosx;
				SWIFT_ACTIVE_COMPILATION_CONDITIONS = DEBUG;
				SWIFT_OPTIMIZATION_LEVEL = "-Onone";
			};
			name = Debug;
		};
		121C47192868BD6A00646ABA /* Release */ = {
			isa = XCBuildConfiguration;
			buildSettings = {
				ALWAYS_SEARCH_USER_PATHS = NO;
				CLANG_ANALYZER_NONNULL = YES;
				CLANG_ANALYZER_NUMBER_OBJECT_CONVERSION = YES_AGGRESSIVE;
				CLANG_CXX_LANGUAGE_STANDARD = "gnu++17";
				CLANG_ENABLE_MODULES = YES;
				CLANG_ENABLE_OBJC_ARC = YES;
				CLANG_ENABLE_OBJC_WEAK = YES;
				CLANG_WARN_BLOCK_CAPTURE_AUTORELEASING = YES;
				CLANG_WARN_BOOL_CONVERSION = YES;
				CLANG_WARN_COMMA = YES;
				CLANG_WARN_CONSTANT_CONVERSION = YES;
				CLANG_WARN_DEPRECATED_OBJC_IMPLEMENTATIONS = YES;
				CLANG_WARN_DIRECT_OBJC_ISA_USAGE = YES_ERROR;
				CLANG_WARN_DOCUMENTATION_COMMENTS = YES;
				CLANG_WARN_EMPTY_BODY = YES;
				CLANG_WARN_ENUM_CONVERSION = YES;
				CLANG_WARN_INFINITE_RECURSION = YES;
				CLANG_WARN_INT_CONVERSION = YES;
				CLANG_WARN_NON_LITERAL_NULL_CONVERSION = YES;
				CLANG_WARN_OBJC_IMPLICIT_RETAIN_SELF = YES;
				CLANG_WARN_OBJC_LITERAL_CONVERSION = YES;
				CLANG_WARN_OBJC_ROOT_CLASS = YES_ERROR;
				CLANG_WARN_QUOTED_INCLUDE_IN_FRAMEWORK_HEADER = YES;
				CLANG_WARN_RANGE_LOOP_ANALYSIS = YES;
				CLANG_WARN_STRICT_PROTOTYPES = YES;
				CLANG_WARN_SUSPICIOUS_MOVE = YES;
				CLANG_WARN_UNGUARDED_AVAILABILITY = YES_AGGRESSIVE;
				CLANG_WARN_UNREACHABLE_CODE = YES;
				CLANG_WARN__DUPLICATE_METHOD_MATCH = YES;
				COPY_PHASE_STRIP = NO;
				DEBUG_INFORMATION_FORMAT = "dwarf-with-dsym";
				ENABLE_NS_ASSERTIONS = NO;
				ENABLE_STRICT_OBJC_MSGSEND = YES;
				GCC_C_LANGUAGE_STANDARD = gnu11;
				GCC_NO_COMMON_BLOCKS = YES;
				GCC_WARN_64_TO_32_BIT_CONVERSION = YES;
				GCC_WARN_ABOUT_RETURN_TYPE = YES_ERROR;
				GCC_WARN_UNDECLARED_SELECTOR = YES;
				GCC_WARN_UNINITIALIZED_AUTOS = YES_AGGRESSIVE;
				GCC_WARN_UNUSED_FUNCTION = YES;
				GCC_WARN_UNUSED_VARIABLE = YES;
				MACOSX_DEPLOYMENT_TARGET = 12.3;
				MTL_ENABLE_DEBUG_INFO = NO;
				MTL_FAST_MATH = YES;
				SDKROOT = macosx;
				SWIFT_COMPILATION_MODE = wholemodule;
				SWIFT_OPTIMIZATION_LEVEL = "-O";
			};
			name = Release;
		};
		121C471B2868BD6A00646ABA /* Debug */ = {
			isa = XCBuildConfiguration;
			buildSettings = {
				ASSETCATALOG_COMPILER_APPICON_NAME = AppIcon;
				ASSETCATALOG_COMPILER_GLOBAL_ACCENT_COLOR_NAME = AccentColor;
				CODE_SIGN_ENTITLEMENTS = ScrollDirector/ScrollDirector.entitlements;
				CODE_SIGN_STYLE = Automatic;
				COMBINE_HIDPI_IMAGES = YES;
				CURRENT_PROJECT_VERSION = 1;
				DEVELOPMENT_TEAM = 469MLTNL8A;
				ENABLE_HARDENED_RUNTIME = YES;
				ENABLE_PREVIEWS = YES;
				GENERATE_INFOPLIST_FILE = YES;
				INFOPLIST_FILE = ScrollDirector/Info.plist;
				INFOPLIST_KEY_NSHumanReadableCopyright = "";
				LD_RUNPATH_SEARCH_PATHS = (
					"$(inherited)",
					"@executable_path/../Frameworks",
				);
				MARKETING_VERSION = 1.0;
				PRODUCT_BUNDLE_IDENTIFIER = dev.cbyrne.ScrollDirector;
				PRODUCT_NAME = "$(TARGET_NAME)";
				SWIFT_EMIT_LOC_STRINGS = YES;
				SWIFT_OBJC_BRIDGING_HEADER = "$(SRCROOT)/$(PROJECT_NAME)/Bridging/$(SWIFT_MODULE_NAME)-Bridging-Header.h";
				SWIFT_VERSION = 5.0;
				SYSTEM_FRAMEWORK_SEARCH_PATHS = (
					"$(inherited)",
					"$(SYSTEM_LIBRARY_DIR)/PrivateFrameworks",
				);
			};
			name = Debug;
		};
		121C471C2868BD6A00646ABA /* Release */ = {
			isa = XCBuildConfiguration;
			buildSettings = {
				ASSETCATALOG_COMPILER_APPICON_NAME = AppIcon;
				ASSETCATALOG_COMPILER_GLOBAL_ACCENT_COLOR_NAME = AccentColor;
				CODE_SIGN_ENTITLEMENTS = ScrollDirector/ScrollDirector.entitlements;
				CODE_SIGN_STYLE = Automatic;
				COMBINE_HIDPI_IMAGES = YES;
				CURRENT_PROJECT_VERSION = 1;
				DEVELOPMENT_TEAM = 469MLTNL8A;
				ENABLE_HARDENED_RUNTIME = YES;
				ENABLE_PREVIEWS = YES;
				GENERATE_INFOPLIST_FILE = YES;
				INFOPLIST_FILE = ScrollDirector/Info.plist;
				INFOPLIST_KEY_NSHumanReadableCopyright = "";
				LD_RUNPATH_SEARCH_PATHS = (
					"$(inherited)",
					"@executable_path/../Frameworks",
				);
				MARKETING_VERSION = 1.0;
				PRODUCT_BUNDLE_IDENTIFIER = dev.cbyrne.ScrollDirector;
				PRODUCT_NAME = "$(TARGET_NAME)";
				SWIFT_EMIT_LOC_STRINGS = YES;
				SWIFT_OBJC_BRIDGING_HEADER = "$(SRCROOT)/$(PROJECT_NAME)/Bridging/$(SWIFT_MODULE_NAME)-Bridging-Header.h";
				SWIFT_VERSION = 5.0;
				SYSTEM_FRAMEWORK_SEARCH_PATHS = (
					"$(inherited)",
					"$(SYSTEM_LIBRARY_DIR)/PrivateFrameworks",
				);
			};
			name = Release;
		};
/* End XCBuildConfiguration section */

/* Begin XCConfigurationList section */
		121C47062868BD6900646ABA /* Build configuration list for PBXProject "ScrollDirector" */ = {
			isa = XCConfigurationList;
			buildConfigurations = (
				121C47182868BD6A00646ABA /* Debug */,
				121C47192868BD6A00646ABA /* Release */,
			);
			defaultConfigurationIsVisible = 0;
			defaultConfigurationName = Release;
		};
		121C471A2868BD6A00646ABA /* Build configuration list for PBXNativeTarget "ScrollDirector" */ = {
			isa = XCConfigurationList;
			buildConfigurations = (
				121C471B2868BD6A00646ABA /* Debug */,
				121C471C2868BD6A00646ABA /* Release */,
			);
			defaultConfigurationIsVisible = 0;
			defaultConfigurationName = Release;
		};
/* End XCConfigurationList section */

/* Begin XCRemoteSwiftPackageReference section */
		120847932869DD5400A1427D /* XCRemoteSwiftPackageReference "LaunchAtLogin" */ = {
			isa = XCRemoteSwiftPackageReference;
			repositoryURL = "https://github.com/sindresorhus/LaunchAtLogin";
			requirement = {
				branch = main;
				kind = branch;
			};
		};
/* End XCRemoteSwiftPackageReference section */

/* Begin XCSwiftPackageProductDependency section */
		120847942869DD5400A1427D /* LaunchAtLogin */ = {
			isa = XCSwiftPackageProductDependency;
			package = 120847932869DD5400A1427D /* XCRemoteSwiftPackageReference "LaunchAtLogin" */;
			productName = LaunchAtLogin;
		};
/* End XCSwiftPackageProductDependency section */
	};
	rootObject = 121C47032868BD6900646ABA /* Project object */;
}
